
Microsoft Visual Studio Solution File, Format Version 12.00
# Visual Studio Version 16
VisualStudioVersion = 16.0.32002.261
MinimumVisualStudioVersion = 10.0.40219.1
Project("{FAE04EC0-301F-11D3-BF4B-00C04F79EFBC}") = "TestOpstelling", "TestOpstelling.csproj", "{437F3BDF-9DD4-45CE-BD73-F242F6C304F6}"
EndProject
Global
	GlobalSection(SolutionConfigurationPlatforms) = preSolution
		Debug|Any CPU = Debug|Any CPU
		Release|Any CPU = Release|Any CPU
	EndGlobalSection
	GlobalSection(ProjectConfigurationPlatforms) = postSolution
		{437F3BDF-9DD4-45CE-BD73-F242F6C304F6}.Debug|Any CPU.ActiveCfg = Debug|Any CPU
		{437F3BDF-9DD4-45CE-BD73-F242F6C304F6}.Debug|Any CPU.Build.0 = Debug|Any CPU
		{437F3BDF-9DD4-45CE-BD73-F242F6C304F6}.Release|Any CPU.ActiveCfg = Release|Any CPU
		{437F3BDF-9DD4-45CE-BD73-F242F6C304F6}.Release|Any CPU.Build.0 = Release|Any CPU
	EndGlobalSection
	GlobalSection(SolutionProperties) = preSolution
		HideSolutionNode = FALSE
	EndGlobalSection
	GlobalSection(ExtensibilityGlobals) = postSolution
		SolutionGuid = {6C7A1C7F-7B55-4194-944C-214C45439D0A}
	EndGlobalSection
EndGlobal
